Microsoft Visual Studio Solution File, Format Version 10.00
# Visual Studio 2008
Project("{FAE04EC0-301F-11D3-BF4B-00C04F79EFBC}") = "Omni.Data", "Omni.Data\Omni.Data.csproj", "{7A3DC95C-1704-49C8-AFEF-891FA81A3206}"
EndProject
Project("{FAE04EC0-301F-11D3-BF4B-00C04F79EFBC}") = "Omni.Service", "Omni.Service\Omni.Service.csproj", "{4B68BF19-68E9-4ABE-86F2-447E6814D7B0}"
EndProject
Project("{FAE04EC0-301F-11D3-BF4B-00C04F79EFBC}") = "Omni.Web", "Omni.Web\Omni.Web.csproj", "{8EC7D0A8-3633-4524-8B32-50FD3629177D}"
EndProject
Project("{E24C65DC-7377-472B-9ABA-BC803B73C61A}") = "omniproject.org", "..\omniproject.org\", "{EE4C0B1F-EDF5-4618-903C-1D713D2B0238}"
	ProjectSection(WebsiteProperties) = preProject
		TargetFramework = "3.5"
		ProjectReferences = "{8EC7D0A8-3633-4524-8B32-50FD3629177D}|Omni.Web.dll;{7A3DC95C-1704-49C8-AFEF-891FA81A3206}|Omni.Data.dll;{4B68BF19-68E9-4ABE-86F2-447E6814D7B0}|Omni.Service.dll;{C69D8F52-16BA-406C-9424-3123127410A8}|Omni.Service.External.dll;{C01D5CE0-48B5-4C4C-A186-5507249666CB}|Omni.Util.dll;{6B8B8AE7-3CFF-45CC-9CD0-A173B202C57C}|Omni.Client.dll;"
		Debug.AspNetCompiler.VirtualPath = "/omniproject.org"
		Debug.AspNetCompiler.PhysicalPath = "..\omniproject.org\"
		Debug.AspNetCompiler.TargetPath = "PrecompiledWeb\omniproject.org\"
		Debug.AspNetCompiler.Updateable = "true"
		Debug.AspNetCompiler.ForceOverwrite = "true"
		Debug.AspNetCompiler.FixedNames = "false"
		Debug.AspNetCompiler.Debug = "True"
		Release.AspNetCompiler.VirtualPath = "/omniproject.org"
		Release.AspNetCompiler.PhysicalPath = "..\omniproject.org\"
		Release.AspNetCompiler.TargetPath = "PrecompiledWeb\omniproject.org\"
		Release.AspNetCompiler.Updateable = "true"
		Release.AspNetCompiler.ForceOverwrite = "true"
		Release.AspNetCompiler.FixedNames = "false"
		Release.AspNetCompiler.Debug = "False"
		VWDPort = "51481"
		DefaultWebSiteLanguage = "Visual C#"
	EndProjectSection
EndProject
Project("{FAE04EC0-301F-11D3-BF4B-00C04F79EFBC}") = "Omni.Service.External", "Omni.Service.External\Omni.Service.External.csproj", "{C69D8F52-16BA-406C-9424-3123127410A8}"
EndProject
Project("{FAE04EC0-301F-11D3-BF4B-00C04F79EFBC}") = "Omni.Client", "Omni.Client\Omni.Client.csproj", "{6B8B8AE7-3CFF-45CC-9CD0-A173B202C57C}"
EndProject
Project("{FAE04EC0-301F-11D3-BF4B-00C04F79EFBC}") = "Omni.Util", "Omni.Util\Omni.Util.csproj", "{C01D5CE0-48B5-4C4C-A186-5507249666CB}"
EndProject
Global
	GlobalSection(SolutionConfigurationPlatforms) = preSolution
		Debug|.NET = Debug|.NET
		Debug|Any CPU = Debug|Any CPU
		Debug|Mixed Platforms = Debug|Mixed Platforms
		Release|.NET = Release|.NET
		Release|Any CPU = Release|Any CPU
		Release|Mixed Platforms = Release|Mixed Platforms
	EndGlobalSection
	GlobalSection(ProjectConfigurationPlatforms) = postSolution
		{7A3DC95C-1704-49C8-AFEF-891FA81A3206}.Debug|.NET.ActiveCfg = Debug|Any CPU
		{7A3DC95C-1704-49C8-AFEF-891FA81A3206}.Debug|Any CPU.ActiveCfg = Debug|Any CPU
		{7A3DC95C-1704-49C8-AFEF-891FA81A3206}.Debug|Any CPU.Build.0 = Debug|Any CPU
		{7A3DC95C-1704-49C8-AFEF-891FA81A3206}.Debug|Mixed Platforms.ActiveCfg = Debug|Any CPU
		{7A3DC95C-1704-49C8-AFEF-891FA81A3206}.Debug|Mixed Platforms.Build.0 = Debug|Any CPU
		{7A3DC95C-1704-49C8-AFEF-891FA81A3206}.Release|.NET.ActiveCfg = Release|Any CPU
		{7A3DC95C-1704-49C8-AFEF-891FA81A3206}.Release|Any CPU.ActiveCfg = Release|Any CPU
		{7A3DC95C-1704-49C8-AFEF-891FA81A3206}.Release|Any CPU.Build.0 = Release|Any CPU
		{7A3DC95C-1704-49C8-AFEF-891FA81A3206}.Release|Mixed Platforms.ActiveCfg = Release|Any CPU
		{7A3DC95C-1704-49C8-AFEF-891FA81A3206}.Release|Mixed Platforms.Build.0 = Release|Any CPU
		{4B68BF19-68E9-4ABE-86F2-447E6814D7B0}.Debug|.NET.ActiveCfg = Debug|Any CPU
		{4B68BF19-68E9-4ABE-86F2-447E6814D7B0}.Debug|Any CPU.ActiveCfg = Debug|Any CPU
		{4B68BF19-68E9-4ABE-86F2-447E6814D7B0}.Debug|Any CPU.Build.0 = Debug|Any CPU
		{4B68BF19-68E9-4ABE-86F2-447E6814D7B0}.Debug|Mixed Platforms.ActiveCfg = Debug|Any CPU
		{4B68BF19-68E9-4ABE-86F2-447E6814D7B0}.Debug|Mixed Platforms.Build.0 = Debug|Any CPU
		{4B68BF19-68E9-4ABE-86F2-447E6814D7B0}.Release|.NET.ActiveCfg = Release|Any CPU
		{4B68BF19-68E9-4ABE-86F2-447E6814D7B0}.Release|Any CPU.ActiveCfg = Release|Any CPU
		{4B68BF19-68E9-4ABE-86F2-447E6814D7B0}.Release|Any CPU.Build.0 = Release|Any CPU
		{4B68BF19-68E9-4ABE-86F2-447E6814D7B0}.Release|Mixed Platforms.ActiveCfg = Release|Any CPU
		{4B68BF19-68E9-4ABE-86F2-447E6814D7B0}.Release|Mixed Platforms.Build.0 = Release|Any CPU
		{8EC7D0A8-3633-4524-8B32-50FD3629177D}.Debug|.NET.ActiveCfg = Debug|Any CPU
		{8EC7D0A8-3633-4524-8B32-50FD3629177D}.Debug|Any CPU.ActiveCfg = Debug|Any CPU
		{8EC7D0A8-3633-4524-8B32-50FD3629177D}.Debug|Any CPU.Build.0 = Debug|Any CPU
		{8EC7D0A8-3633-4524-8B32-50FD3629177D}.Debug|Mixed Platforms.ActiveCfg = Debug|Any CPU
		{8EC7D0A8-3633-4524-8B32-50FD3629177D}.Debug|Mixed Platforms.Build.0 = Debug|Any CPU
		{8EC7D0A8-3633-4524-8B32-50FD3629177D}.Release|.NET.ActiveCfg = Release|Any CPU
		{8EC7D0A8-3633-4524-8B32-50FD3629177D}.Release|Any CPU.ActiveCfg = Release|Any CPU
		{8EC7D0A8-3633-4524-8B32-50FD3629177D}.Release|Any CPU.Build.0 = Release|Any CPU
		{8EC7D0A8-3633-4524-8B32-50FD3629177D}.Release|Mixed Platforms.ActiveCfg = Release|Any CPU
		{8EC7D0A8-3633-4524-8B32-50FD3629177D}.Release|Mixed Platforms.Build.0 = Release|Any CPU
		{EE4C0B1F-EDF5-4618-903C-1D713D2B0238}.Debug|.NET.ActiveCfg = Debug|.NET
		{EE4C0B1F-EDF5-4618-903C-1D713D2B0238}.Debug|.NET.Build.0 = Debug|.NET
		{EE4C0B1F-EDF5-4618-903C-1D713D2B0238}.Debug|Any CPU.ActiveCfg = Debug|.NET
		{EE4C0B1F-EDF5-4618-903C-1D713D2B0238}.Debug|Mixed Platforms.ActiveCfg = Debug|.NET
		{EE4C0B1F-EDF5-4618-903C-1D713D2B0238}.Debug|Mixed Platforms.Build.0 = Debug|.NET
		{EE4C0B1F-EDF5-4618-903C-1D713D2B0238}.Release|.NET.ActiveCfg = Debug|.NET
		{EE4C0B1F-EDF5-4618-903C-1D713D2B0238}.Release|.NET.Build.0 = Debug|.NET
		{EE4C0B1F-EDF5-4618-903C-1D713D2B0238}.Release|Any CPU.ActiveCfg = Debug|.NET
		{EE4C0B1F-EDF5-4618-903C-1D713D2B0238}.Release|Mixed Platforms.ActiveCfg = Debug|.NET
		{EE4C0B1F-EDF5-4618-903C-1D713D2B0238}.Release|Mixed Platforms.Build.0 = Debug|.NET
		{C69D8F52-16BA-406C-9424-3123127410A8}.Debug|.NET.ActiveCfg = Debug|Any CPU
		{C69D8F52-16BA-406C-9424-3123127410A8}.Debug|Any CPU.ActiveCfg = Debug|Any CPU
		{C69D8F52-16BA-406C-9424-3123127410A8}.Debug|Any CPU.Build.0 = Debug|Any CPU
		{C69D8F52-16BA-406C-9424-3123127410A8}.Debug|Mixed Platforms.ActiveCfg = Debug|Any CPU
		{C69D8F52-16BA-406C-9424-3123127410A8}.Debug|Mixed Platforms.Build.0 = Debug|Any CPU
		{C69D8F52-16BA-406C-9424-3123127410A8}.Release|.NET.ActiveCfg = Release|Any CPU
		{C69D8F52-16BA-406C-9424-3123127410A8}.Release|Any CPU.ActiveCfg = Release|Any CPU
		{C69D8F52-16BA-406C-9424-3123127410A8}.Release|Any CPU.Build.0 = Release|Any CPU
		{C69D8F52-16BA-406C-9424-3123127410A8}.Release|Mixed Platforms.ActiveCfg = Release|Any CPU
		{C69D8F52-16BA-406C-9424-3123127410A8}.Release|Mixed Platforms.Build.0 = Release|Any CPU
		{6B8B8AE7-3CFF-45CC-9CD0-A173B202C57C}.Debug|.NET.ActiveCfg = Debug|Any CPU
		{6B8B8AE7-3CFF-45CC-9CD0-A173B202C57C}.Debug|Any CPU.ActiveCfg = Debug|Any CPU
		{6B8B8AE7-3CFF-45CC-9CD0-A173B202C57C}.Debug|Any CPU.Build.0 = Debug|Any CPU
		{6B8B8AE7-3CFF-45CC-9CD0-A173B202C57C}.Debug|Mixed Platforms.ActiveCfg = Debug|Any CPU
		{6B8B8AE7-3CFF-45CC-9CD0-A173B202C57C}.Debug|Mixed Platforms.Build.0 = Debug|Any CPU
		{6B8B8AE7-3CFF-45CC-9CD0-A173B202C57C}.Release|.NET.ActiveCfg = Release|Any CPU
		{6B8B8AE7-3CFF-45CC-9CD0-A173B202C57C}.Release|Any CPU.ActiveCfg = Release|Any CPU
		{6B8B8AE7-3CFF-45CC-9CD0-A173B202C57C}.Release|Any CPU.Build.0 = Release|Any CPU
		{6B8B8AE7-3CFF-45CC-9CD0-A173B202C57C}.Release|Mixed Platforms.ActiveCfg = Release|Any CPU
		{6B8B8AE7-3CFF-45CC-9CD0-A173B202C57C}.Release|Mixed Platforms.Build.0 = Release|Any CPU
		{C01D5CE0-48B5-4C4C-A186-5507249666CB}.Debug|.NET.ActiveCfg = Debug|Any CPU
		{C01D5CE0-48B5-4C4C-A186-5507249666CB}.Debug|Any CPU.ActiveCfg = Debug|Any CPU
		{C01D5CE0-48B5-4C4C-A186-5507249666CB}.Debug|Any CPU.Build.0 = Debug|Any CPU
		{C01D5CE0-48B5-4C4C-A186-5507249666CB}.Debug|Mixed Platforms.ActiveCfg = Debug|Any CPU
		{C01D5CE0-48B5-4C4C-A186-5507249666CB}.Debug|Mixed Platforms.Build.0 = Debug|Any CPU
		{C01D5CE0-48B5-4C4C-A186-5507249666CB}.Release|.NET.ActiveCfg = Release|Any CPU
		{C01D5CE0-48B5-4C4C-A186-5507249666CB}.Release|Any CPU.ActiveCfg = Release|Any CPU
		{C01D5CE0-48B5-4C4C-A186-5507249666CB}.Release|Any CPU.Build.0 = Release|Any CPU
		{C01D5CE0-48B5-4C4C-A186-5507249666CB}.Release|Mixed Platforms.ActiveCfg = Release|Any CPU
		{C01D5CE0-48B5-4C4C-A186-5507249666CB}.Release|Mixed Platforms.Build.0 = Release|Any CPU
	EndGlobalSection
	GlobalSection(SolutionProperties) = preSolution
		HideSolutionNode = FALSE
	EndGlobalSection
EndGlobal
